{
    "name": "@vrsen/openswarm",
    "version": "1.0.1-rc.9",
    "lockfileVersion": 3,
    "requires": true,
    "packages": {
        "": {
            "name": "@vrsen/openswarm",
            "version": "1.0.1-rc.9",
            "hasInstallScript": true,
            "license": "MIT",
            "dependencies": {
                "@vrsen/agentswarm": "1.4.39"
            },
            "bin": {
                "openswarm": "bin/openswarm"
            },
            "devDependencies": {
                "turbo": "^2.9.6"
            },
            "engines": {
                "node": ">=18.0.0",
                "python": ">=3.10"
            },
            "optionalDependencies": {
                "@vrsen/openswarm-cli-darwin-arm64": "1.0.1-rc.9",
                "@vrsen/openswarm-cli-darwin-x64": "1.0.1-rc.9",
                "@vrsen/openswarm-cli-darwin-x64-baseline": "1.0.1-rc.9",
                "@vrsen/openswarm-cli-linux-arm64": "1.0.1-rc.9",
                "@vrsen/openswarm-cli-linux-arm64-musl": "1.0.1-rc.9",
                "@vrsen/openswarm-cli-linux-x64": "1.0.1-rc.9",
                "@vrsen/openswarm-cli-linux-x64-baseline": "1.0.1-rc.9",
                "@vrsen/openswarm-cli-linux-x64-baseline-musl": "1.0.1-rc.9",
                "@vrsen/openswarm-cli-linux-x64-musl": "1.0.1-rc.9",
                "@vrsen/openswarm-cli-windows-arm64": "1.0.1-rc.9",
                "@vrsen/openswarm-cli-windows-x64": "1.0.1-rc.9",
                "@vrsen/openswarm-cli-windows-x64-baseline": "1.0.1-rc.9"
            }
        },
        "node_modules/@turbo/darwin-64": {
            "version": "2.9.10",
            "resolved": "https://registry.npmjs.org/@turbo/darwin-64/-/darwin-64-2.9.10.tgz",
            "integrity": "sha512-5BVJnes8/zMPydF8ktfBBWqCCpUeWVxwZ6avYHRqLzk2PuTAsLz0TlaKdDe1nk1cz3/o0c+7CEf6zqNXdB2N7Q==",
            "cpu": [
                "x64"
            ],
            "dev": true,
            "license": "MIT",
            "optional": true,
            "os": [
                "darwin"
            ]
        },
        "node_modules/@turbo/darwin-arm64": {
            "version": "2.9.10",
            "resolved": "https://registry.npmjs.org/@turbo/darwin-arm64/-/darwin-arm64-2.9.10.tgz",
            "integrity": "sha512-MwaJl+vsxlkkDJYWN87GWKYD64kOvZFFlrDtGmCDeEx/488Kola5TVgS0VQkEUwnbDPjaDIB7kBMIzdzJRElbg==",
            "cpu": [
                "arm64"
            ],
            "dev": true,
            "license": "MIT",
            "optional": true,
            "os": [
                "darwin"
            ]
        },
        "node_modules/@turbo/linux-64": {
            "version": "2.9.10",
            "resolved": "https://registry.npmjs.org/@turbo/linux-64/-/linux-64-2.9.10.tgz",
            "integrity": "sha512-HWrCKR+kUicEf4awj1EVRh5LI2hiDncpWZSXqhVj+wQT3SolBSXqXiSPYHgdh6hkmyfvz75Ex/+axXGcgQGdeA==",
            "cpu": [
                "x64"
            ],
            "dev": true,
            "license": "MIT",
            "optional": true,
            "os": [
                "linux"
            ]
        },
        "node_modules/@turbo/linux-arm64": {
            "version": "2.9.10",
            "resolved": "https://registry.npmjs.org/@turbo/linux-arm64/-/linux-arm64-2.9.10.tgz",
            "integrity": "sha512-edJINoZcDn4g1zkOZHFrGtLX0EWTryoNJSlZK5SEVux4hITT6hTCzugVGtOUmdI+PuJ/xRRL3jKGa+JgjSoq5A==",
            "cpu": [
                "arm64"
            ],
            "dev": true,
            "license": "MIT",
            "optional": true,
            "os": [
                "linux"
            ]
        },
        "node_modules/@turbo/windows-64": {
            "version": "2.9.10",
            "resolved": "https://registry.npmjs.org/@turbo/windows-64/-/windows-64-2.9.10.tgz",
            "integrity": "sha512-rkASn89ATUtSyKvhGaWSyqVHBwtqFEUV1rFNKCtthSoix0T/kUHLJDKpepE/Wh6CtSnhxAfsY8cODtevD/hR7A==",
            "cpu": [
                "x64"
            ],
            "dev": true,
            "license": "MIT",
            "optional": true,
            "os": [
                "win32"
            ]
        },
        "node_modules/@turbo/windows-arm64": {
            "version": "2.9.10",
            "resolved": "https://registry.npmjs.org/@turbo/windows-arm64/-/windows-arm64-2.9.10.tgz",
            "integrity": "sha512-cblXqub7uABXKNMzvPB1IyOuSQpeMo7zZHSREB2C0mtIVn4lUSd2CfaGBtOrDqmkC9dsan3itxY4IejChQvfpg==",
            "cpu": [
                "arm64"
            ],
            "dev": true,
            "license": "MIT",
            "optional": true,
            "os": [
                "win32"
            ]
        },
        "node_modules/@vrsen/agentswarm": {
            "version": "1.4.39",
            "resolved": "https://registry.npmjs.org/@vrsen/agentswarm/-/agentswarm-1.4.39.tgz",
            "integrity": "sha512-AUA/5jU6pj2PB/h5C8AeibUUa6zo9MhxrnY32zQy4y1piqOFsI4OERLX9m09egzMuTgjdQkn57waZM0fLdeY5Q==",
            "license": "MIT",
            "dependencies": {
                "agentswarm-cli": "1.4.39"
            },
            "bin": {
                "agentswarm": "bin/agentswarm"
            }
        },
        "node_modules/@vrsen/agentswarm-cli-darwin-arm64": {
            "version": "1.4.39",
            "resolved": "https://registry.npmjs.org/@vrsen/agentswarm-cli-darwin-arm64/-/agentswarm-cli-darwin-arm64-1.4.39.tgz",
            "integrity": "sha512-jge2/vH9rS4Ouu4VYDz0vG+EM+Fb3uukNn+haWI0SRIeRIgoO0HOSEamJ0EO7XZhTQOdIqO5heYvm7Y9xNCcdA==",
            "cpu": [
                "arm64"
            ],
            "optional": true,
            "os": [
                "darwin"
            ]
        },
        "node_modules/@vrsen/agentswarm-cli-darwin-x64": {
            "version": "1.4.39",
            "resolved": "https://registry.npmjs.org/@vrsen/agentswarm-cli-darwin-x64/-/agentswarm-cli-darwin-x64-1.4.39.tgz",
            "integrity": "sha512-GBIclRM+jKWz9RJ8orFNGYptF2k3Omg2hdCGjWOG5ey1iVAkMm/FNf0LBkmh8l341zYFVRnUGYTezphdvI9aJA==",
            "cpu": [
                "x64"
            ],
            "optional": true,
            "os": [
                "darwin"
            ]
        },
        "node_modules/@vrsen/agentswarm-cli-darwin-x64-baseline": {
            "version": "1.4.39",
            "resolved": "https://registry.npmjs.org/@vrsen/agentswarm-cli-darwin-x64-baseline/-/agentswarm-cli-darwin-x64-baseline-1.4.39.tgz",
            "integrity": "sha512-fFDDYVuh28tmynC91nnyCJFzz3K0gRcMQy6S5bExQG2TadlCOGxKfkKAv4eUM63A5Hu48b/OpQWiocL2mE12Xg==",
            "cpu": [
                "x64"
            ],
            "optional": true,
            "os": [
                "darwin"
            ]
        },
        "node_modules/@vrsen/agentswarm-cli-linux-arm64": {
            "version": "1.4.39",
            "resolved": "https://registry.npmjs.org/@vrsen/agentswarm-cli-linux-arm64/-/agentswarm-cli-linux-arm64-1.4.39.tgz",
            "integrity": "sha512-iMte86kLfXn9wvxojAoT9XHKMtgG1gI1HxpzQ5tJTMgp86sWUjM3EozGQp8sZMK9E4PK/fAZTGJwqymP25tPvw==",
            "cpu": [
                "arm64"
            ],
            "optional": true,
            "os": [
                "linux"
            ]
        },
        "node_modules/@vrsen/agentswarm-cli-linux-arm64-musl": {
            "version": "1.4.39",
            "resolved": "https://registry.npmjs.org/@vrsen/agentswarm-cli-linux-arm64-musl/-/agentswarm-cli-linux-arm64-musl-1.4.39.tgz",
            "integrity": "sha512-GP5+LsnEA1sdhR6tv1HcYTFD0yA8LlYBOEZGbKY+XBx9lg+IHQ44N4fKaQ7GSJ3g10Kq/S+gIZHO0aESjMX2Kw==",
            "cpu": [
                "arm64"
            ],
            "optional": true,
            "os": [
                "linux"
            ]
        },
        "node_modules/@vrsen/agentswarm-cli-linux-x64": {
            "version": "1.4.39",
            "resolved": "https://registry.npmjs.org/@vrsen/agentswarm-cli-linux-x64/-/agentswarm-cli-linux-x64-1.4.39.tgz",
            "integrity": "sha512-3d9iDDZGqrV6Fhmg5GVKv2uen7BftwIhSCVSfYpxoNGakg+sIs4v0d2a5yN1g6w1uJGuoEmfo7IHPIVcU/or4w==",
            "cpu": [
                "x64"
            ],
            "optional": true,
            "os": [
                "linux"
            ]
        },
        "node_modules/@vrsen/agentswarm-cli-linux-x64-baseline": {
            "version": "1.4.39",
            "resolved": "https://registry.npmjs.org/@vrsen/agentswarm-cli-linux-x64-baseline/-/agentswarm-cli-linux-x64-baseline-1.4.39.tgz",
            "integrity": "sha512-7IYaWS4e2JYI2RYdrHGsydmzpKiF4hx5+sa1wrbyAI7CKA6euVo1rutMS0Np2v/EzGE+2lwBQXtXcO3q2pI41A==",
            "cpu": [
                "x64"
            ],
            "optional": true,
            "os": [
                "linux"
            ]
        },
        "node_modules/@vrsen/agentswarm-cli-linux-x64-baseline-musl": {
            "version": "1.4.39",
            "resolved": "https://registry.npmjs.org/@vrsen/agentswarm-cli-linux-x64-baseline-musl/-/agentswarm-cli-linux-x64-baseline-musl-1.4.39.tgz",
            "integrity": "sha512-sQHFOc3oQVXSHuSrdRMJbOfiKIWOMUA/xQrF7NbVzu/TV9RM35b7gXo8xHnwO2Vw/IpCn12TWmnBMCJWEPGJ+w==",
            "cpu": [
                "x64"
            ],
            "optional": true,
            "os": [
                "linux"
            ]
        },
        "node_modules/@vrsen/agentswarm-cli-linux-x64-musl": {
            "version": "1.4.39",
            "resolved": "https://registry.npmjs.org/@vrsen/agentswarm-cli-linux-x64-musl/-/agentswarm-cli-linux-x64-musl-1.4.39.tgz",
            "integrity": "sha512-h6j4y0ZrLcSA4jYGRXYDj782D3TnJkVVEXQ3qtff3+e3fJZzBNJhyn4/S39BYfOZHNFkQ5Q0URSdTWHxpzYYtg==",
            "cpu": [
                "x64"
            ],
            "optional": true,
            "os": [
                "linux"
            ]
        },
        "node_modules/@vrsen/agentswarm-cli-windows-arm64": {
            "version": "1.4.39",
            "resolved": "https://registry.npmjs.org/@vrsen/agentswarm-cli-windows-arm64/-/agentswarm-cli-windows-arm64-1.4.39.tgz",
            "integrity": "sha512-SjEKee4g0SJn/pUiIDkhUP5ExAeqlhsm4NT27ad0im0Lrpug0KcN4CxxB2xlnVdVEwpAGOfwVgKDXGL6zKIKBA==",
            "cpu": [
                "arm64"
            ],
            "optional": true,
            "os": [
                "win32"
            ]
        },
        "node_modules/@vrsen/agentswarm-cli-windows-x64": {
            "version": "1.4.39",
            "resolved": "https://registry.npmjs.org/@vrsen/agentswarm-cli-windows-x64/-/agentswarm-cli-windows-x64-1.4.39.tgz",
            "integrity": "sha512-U3oXHfM7rJs+XBhdSTbg5R9Yhec4m1vXBqMo4q3N50V42eUXO0RQb6m7a4nOCcxupUjrOojIxIXTyNTPoVEr0A==",
            "cpu": [
                "x64"
            ],
            "optional": true,
            "os": [
                "win32"
            ]
        },
        "node_modules/@vrsen/agentswarm-cli-windows-x64-baseline": {
            "version": "1.4.39",
            "resolved": "https://registry.npmjs.org/@vrsen/agentswarm-cli-windows-x64-baseline/-/agentswarm-cli-windows-x64-baseline-1.4.39.tgz",
            "integrity": "sha512-3XBqVWfj1lTk7DnAHRZGrbD4VNr4OMslog9/8zcfe2zMACElZAbQsT0L26H6XcD1B/gC3BMt2W+ya/qBxP9b/g==",
            "cpu": [
                "x64"
            ],
            "optional": true,
            "os": [
                "win32"
            ]
        },
        "node_modules/@vrsen/openswarm-cli-darwin-arm64": {
            "version": "1.0.1-rc.9",
            "resolved": "https://registry.npmjs.org/@vrsen/openswarm-cli-darwin-arm64/-/openswarm-cli-darwin-arm64-1.0.1-rc.9.tgz",
            "cpu": [
                "arm64"
            ],
            "license": "MIT",
            "optional": true,
            "os": [
                "darwin"
            ]
        },
        "node_modules/@vrsen/openswarm-cli-darwin-x64": {
            "version": "1.0.1-rc.9",
            "resolved": "https://registry.npmjs.org/@vrsen/openswarm-cli-darwin-x64/-/openswarm-cli-darwin-x64-1.0.1-rc.9.tgz",
            "cpu": [
                "x64"
            ],
            "license": "MIT",
            "optional": true,
            "os": [
                "darwin"
            ]
        },
        "node_modules/@vrsen/openswarm-cli-darwin-x64-baseline": {
            "version": "1.0.1-rc.9",
            "resolved": "https://registry.npmjs.org/@vrsen/openswarm-cli-darwin-x64-baseline/-/openswarm-cli-darwin-x64-baseline-1.0.1-rc.9.tgz",
            "cpu": [
                "x64"
            ],
            "license": "MIT",
            "optional": true,
            "os": [
                "darwin"
            ]
        },
        "node_modules/@vrsen/openswarm-cli-linux-arm64": {
            "version": "1.0.1-rc.9",
            "resolved": "https://registry.npmjs.org/@vrsen/openswarm-cli-linux-arm64/-/openswarm-cli-linux-arm64-1.0.1-rc.9.tgz",
            "cpu": [
                "arm64"
            ],
            "license": "MIT",
            "optional": true,
            "os": [
                "linux"
            ]
        },
        "node_modules/@vrsen/openswarm-cli-linux-arm64-musl": {
            "version": "1.0.1-rc.9",
            "resolved": "https://registry.npmjs.org/@vrsen/openswarm-cli-linux-arm64-musl/-/openswarm-cli-linux-arm64-musl-1.0.1-rc.9.tgz",
            "cpu": [
                "arm64"
            ],
            "license": "MIT",
            "optional": true,
            "os": [
                "linux"
            ]
        },
        "node_modules/@vrsen/openswarm-cli-linux-x64": {
            "version": "1.0.1-rc.9",
            "resolved": "https://registry.npmjs.org/@vrsen/openswarm-cli-linux-x64/-/openswarm-cli-linux-x64-1.0.1-rc.9.tgz",
            "cpu": [
                "x64"
            ],
            "license": "MIT",
            "optional": true,
            "os": [
                "linux"
            ]
        },
        "node_modules/@vrsen/openswarm-cli-linux-x64-baseline": {
            "version": "1.0.1-rc.9",
            "resolved": "https://registry.npmjs.org/@vrsen/openswarm-cli-linux-x64-baseline/-/openswarm-cli-linux-x64-baseline-1.0.1-rc.9.tgz",
            "cpu": [
                "x64"
            ],
            "license": "MIT",
            "optional": true,
            "os": [
                "linux"
            ]
        },
        "node_modules/@vrsen/openswarm-cli-linux-x64-baseline-musl": {
            "version": "1.0.1-rc.9",
            "resolved": "https://registry.npmjs.org/@vrsen/openswarm-cli-linux-x64-baseline-musl/-/openswarm-cli-linux-x64-baseline-musl-1.0.1-rc.9.tgz",
            "cpu": [
                "x64"
            ],
            "license": "MIT",
            "optional": true,
            "os": [
                "linux"
            ]
        },
        "node_modules/@vrsen/openswarm-cli-linux-x64-musl": {
            "version": "1.0.1-rc.9",
            "resolved": "https://registry.npmjs.org/@vrsen/openswarm-cli-linux-x64-musl/-/openswarm-cli-linux-x64-musl-1.0.1-rc.9.tgz",
            "cpu": [
                "x64"
            ],
            "license": "MIT",
            "optional": true,
            "os": [
                "linux"
            ]
        },
        "node_modules/@vrsen/openswarm-cli-windows-arm64": {
            "version": "1.0.1-rc.9",
            "resolved": "https://registry.npmjs.org/@vrsen/openswarm-cli-windows-arm64/-/openswarm-cli-windows-arm64-1.0.1-rc.9.tgz",
            "cpu": [
                "arm64"
            ],
            "license": "MIT",
            "optional": true,
            "os": [
                "win32"
            ]
        },
        "node_modules/@vrsen/openswarm-cli-windows-x64": {
            "version": "1.0.1-rc.9",
            "resolved": "https://registry.npmjs.org/@vrsen/openswarm-cli-windows-x64/-/openswarm-cli-windows-x64-1.0.1-rc.9.tgz",
            "cpu": [
                "x64"
            ],
            "license": "MIT",
            "optional": true,
            "os": [
                "win32"
            ]
        },
        "node_modules/@vrsen/openswarm-cli-windows-x64-baseline": {
            "version": "1.0.1-rc.9",
            "resolved": "https://registry.npmjs.org/@vrsen/openswarm-cli-windows-x64-baseline/-/openswarm-cli-windows-x64-baseline-1.0.1-rc.9.tgz",
            "cpu": [
                "x64"
            ],
            "license": "MIT",
            "optional": true,
            "os": [
                "win32"
            ]
        },
        "node_modules/agentswarm-cli": {
            "version": "1.4.39",
            "resolved": "https://registry.npmjs.org/agentswarm-cli/-/agentswarm-cli-1.4.39.tgz",
            "integrity": "sha512-wpS0ROwGMjvabreT9ML69zAcDaEi++vt1btcXMLmQMFt1qLGUt1pZS8mn2KYjJaNbdFi/o4rNeZSFDAVy4i8Yw==",
            "hasInstallScript": true,
            "license": "MIT",
            "bin": {
                "agentswarm": "bin/agentswarm"
            },
            "optionalDependencies": {
                "@vrsen/agentswarm-cli-darwin-arm64": "1.4.39",
                "@vrsen/agentswarm-cli-darwin-x64": "1.4.39",
                "@vrsen/agentswarm-cli-darwin-x64-baseline": "1.4.39",
                "@vrsen/agentswarm-cli-linux-arm64": "1.4.39",
                "@vrsen/agentswarm-cli-linux-arm64-musl": "1.4.39",
                "@vrsen/agentswarm-cli-linux-x64": "1.4.39",
                "@vrsen/agentswarm-cli-linux-x64-baseline": "1.4.39",
                "@vrsen/agentswarm-cli-linux-x64-baseline-musl": "1.4.39",
                "@vrsen/agentswarm-cli-linux-x64-musl": "1.4.39",
                "@vrsen/agentswarm-cli-windows-arm64": "1.4.39",
                "@vrsen/agentswarm-cli-windows-x64": "1.4.39",
                "@vrsen/agentswarm-cli-windows-x64-baseline": "1.4.39"
            }
        },
        "node_modules/turbo": {
            "version": "2.9.10",
            "resolved": "https://registry.npmjs.org/turbo/-/turbo-2.9.10.tgz",
            "integrity": "sha512-YBLeNT0wLoysGgQEkvBWE2GA1liGGZ1j13wa7xHTwELJx4ZhM+c2szeXj6wUOUGO86BmyhY0Q/ELWwU3WDXzZA==",
            "dev": true,
            "license": "MIT",
            "bin": {
                "turbo": "bin/turbo"
            },
            "optionalDependencies": {
                "@turbo/darwin-64": "2.9.10",
                "@turbo/darwin-arm64": "2.9.10",
                "@turbo/linux-64": "2.9.10",
                "@turbo/linux-arm64": "2.9.10",
                "@turbo/windows-64": "2.9.10",
                "@turbo/windows-arm64": "2.9.10"
            }
        }
    }
}
